PODS:
  - Flutter (1.0.0)
  - marfeel_sdk (0.1.0):
    - Flutter
    - MarfeelSDK-iOS (~> 2.18.9)
  - MarfeelSDK-iOS (2.18.9)

DEPENDENCIES:
  - Flutter (from `Flutter`)
  - marfeel_sdk (from `.symlinks/plugins/marfeel_sdk/ios`)

SPEC REPOS:
  trunk:
    - MarfeelSDK-iOS

EXTERNAL SOURCES:
  Flutter:
    :path: Flutter
  marfeel_sdk:
    :path: ".symlinks/plugins/marfeel_sdk/ios"

SPEC CHECKSUMS:
  Flutter: cabc95a1d2626b1b06e7179b784ebcf0c0cde467
  marfeel_sdk: b183e475883f649c136cf1a244ed36d7001b6e66
  MarfeelSDK-iOS: 05dc87791beebf1f9b08121c04a2c035039261a0

PODFILE CHECKSUM: 251cb053df7158f337c0712f2ab29f4e0fa474ce

COCOAPODS: 1.16.2
